Microsoft Visual Studio Solution File, Format Version 12.00
# Visual Studio Version 17
VisualStudioVersion = 17.4.32912.340
MinimumVisualStudioVersion = 10.0.40219.1
Project("{9A19103F-16F7-4668-BE54-9A1E7A4F7556}") = "API", "IDP\API.csproj", "{CEC560CA-F203-4081-AB88-BBE786C7F08F}"
EndProject
Project("{9A19103F-16F7-4668-BE54-9A1E7A4F7556}") = "Domain", "Domain\Domain.csproj", "{69D6D448-A5E2-40BC-9FD6-8FF0A71324F4}"
EndProject
Project("{9A19103F-16F7-4668-BE54-9A1E7A4F7556}") = "Infrastructure", "Infrastructure\Infrastructure.csproj", "{68136D53-788F-40A9-96BC-B58DB86ED5A3}"
EndProject
Project("{9A19103F-16F7-4668-BE54-9A1E7A4F7556}") = "Application", "Application\Application.csproj", "{5888A042-199D-4FAA-B462-CFA6A98BA169}"
EndProject
Project("{9A19103F-16F7-4668-BE54-9A1E7A4F7556}") = "Tests", "Tests\Tests.csproj", "{B49EEAAE-CA4E-4167-BB56-15613FDFA405}"
EndProject
Project("{E53339B2-1760-4266-BCC7-CA923CBCF16C}") = "docker-compose", "docker-compose.dcproj", "{2CFDEA9A-8F76-47A6-A3A4-D35D70B6C2E4}"
EndProject
Global
	GlobalSection(SolutionConfigurationPlatforms) = preSolution
		Debug|Any CPU = Debug|Any CPU
		Release|Any CPU = Release|Any CPU
	EndGlobalSection
	GlobalSection(ProjectConfigurationPlatforms) = postSolution
		{CEC560CA-F203-4081-AB88-BBE786C7F08F}.Debug|Any CPU.ActiveCfg = Debug|Any CPU
		{CEC560CA-F203-4081-AB88-BBE786C7F08F}.Debug|Any CPU.Build.0 = Debug|Any CPU
		{CEC560CA-F203-4081-AB88-BBE786C7F08F}.Release|Any CPU.ActiveCfg = Release|Any CPU
		{CEC560CA-F203-4081-AB88-BBE786C7F08F}.Release|Any CPU.Build.0 = Release|Any CPU
		{69D6D448-A5E2-40BC-9FD6-8FF0A71324F4}.Debug|Any CPU.ActiveCfg = Debug|Any CPU
		{69D6D448-A5E2-40BC-9FD6-8FF0A71324F4}.Debug|Any CPU.Build.0 = Debug|Any CPU
		{69D6D448-A5E2-40BC-9FD6-8FF0A71324F4}.Release|Any CPU.ActiveCfg = Release|Any CPU
		{69D6D448-A5E2-40BC-9FD6-8FF0A71324F4}.Release|Any CPU.Build.0 = Release|Any CPU
		{68136D53-788F-40A9-96BC-B58DB86ED5A3}.Debug|Any CPU.ActiveCfg = Debug|Any CPU
		{68136D53-788F-40A9-96BC-B58DB86ED5A3}.Debug|Any CPU.Build.0 = Debug|Any CPU
		{68136D53-788F-40A9-96BC-B58DB86ED5A3}.Release|Any CPU.ActiveCfg = Release|Any CPU
		{68136D53-788F-40A9-96BC-B58DB86ED5A3}.Release|Any CPU.Build.0 = Release|Any CPU
		{5888A042-199D-4FAA-B462-CFA6A98BA169}.Debug|Any CPU.ActiveCfg = Debug|Any CPU
		{5888A042-199D-4FAA-B462-CFA6A98BA169}.Debug|Any CPU.Build.0 = Debug|Any CPU
		{5888A042-199D-4FAA-B462-CFA6A98BA169}.Release|Any CPU.ActiveCfg = Release|Any CPU
		{5888A042-199D-4FAA-B462-CFA6A98BA169}.Release|Any CPU.Build.0 = Release|Any CPU
		{B49EEAAE-CA4E-4167-BB56-15613FDFA405}.Debug|Any CPU.ActiveCfg = Debug|Any CPU
		{B49EEAAE-CA4E-4167-BB56-15613FDFA405}.Debug|Any CPU.Build.0 = Debug|Any CPU
		{B49EEAAE-CA4E-4167-BB56-15613FDFA405}.Release|Any CPU.ActiveCfg = Release|Any CPU
		{B49EEAAE-CA4E-4167-BB56-15613FDFA405}.Release|Any CPU.Build.0 = Release|Any CPU
		{2CFDEA9A-8F76-47A6-A3A4-D35D70B6C2E4}.Debug|Any CPU.ActiveCfg = Debug|Any CPU
		{2CFDEA9A-8F76-47A6-A3A4-D35D70B6C2E4}.Debug|Any CPU.Build.0 = Debug|Any CPU
		{2CFDEA9A-8F76-47A6-A3A4-D35D70B6C2E4}.Release|Any CPU.ActiveCfg = Release|Any CPU
		{2CFDEA9A-8F76-47A6-A3A4-D35D70B6C2E4}.Release|Any CPU.Build.0 = Release|Any CPU
	EndGlobalSection
	GlobalSection(SolutionProperties) = preSolution
		HideSolutionNode = FALSE
	EndGlobalSection
	GlobalSection(ExtensibilityGlobals) = postSolution
		SolutionGuid = {C5205A80-18D5-43EE-B662-4177D76EA876}
	EndGlobalSection
EndGlobal
